<?xml version="1.0" encoding="utf-8"?>
<Project ToolsVersion="4.0" xmlns="http://schemas.microsoft.com/developer/msbuild/2003">
  <ItemGroup>
    <Filter Include="Source Files">
      <UniqueIdentifier>{4FC737F1-C7A5-4376-A066-2A32D752A2FF}</UniqueIdentifier>
      <Extensions>cpp;c;cc;cxx;def;odl;idl;hpj;bat;asm;asmx</Extensions>
    </Filter>
    <Filter Include="Header Files">
      <UniqueIdentifier>{93995380-89BD-4b04-88EB-625FBE52EBFB}</UniqueIdentifier>
      <Extensions>h;hh;hpp;hxx;hm;inl;inc;ipp;xsd</Extensions>
    </Filter>
    <Filter Include="Resource Files">
      <UniqueIdentifier>{67DA6AB6-F800-4c08-8B7A-83BB121AAD01}</UniqueIdentifier>
      <Extensions>rc;ico;cur;bmp;dlg;rc2;rct;bin;rgs;gif;jpg;jpeg;jpe;resx;tiff;tif;png;wav;mfcribbon-ms</Extensions>
    </Filter>
    <Filter Include="Source Files\ObjectHandler">
      <UniqueIdentifier>{bc3701d9-b54d-4967-a0c6-ca23c18a7c3c}</UniqueIdentifier>
    </Filter>
    <Filter Include="Source Files\SecurityObjects">
      <UniqueIdentifier>{13534c9f-54f3-41df-8c9c-c3a3b517d4b8}</UniqueIdentifier>
    </Filter>
    <Filter Include="Source Files\ObjectHandler\ConcreteObjetcs">
      <UniqueIdentifier>{dbd8c492-60dc-413b-a92d-18574bb7fbc2}</UniqueIdentifier>
    </Filter>
    <Filter Include="Source Files\ObjectHandler\ConcreteObjetcs\File">
      <UniqueIdentifier>{afc79695-ee77-4488-b7ff-a74884a0ea80}</UniqueIdentifier>
    </Filter>
  </ItemGroup>
  <ItemGroup>
    <ClInclude Include="ObjectHandler\INamedObject.h">
      <Filter>Source Files\ObjectHandler</Filter>
    </ClInclude>
    <ClInclude Include="ObjectHandler\IWindowsKernelObject.h">
      <Filter>Source Files\ObjectHandler</Filter>
    </ClInclude>
    <ClInclude Include="SecurityObjects\ISecurity.h">
      <Filter>Source Files\SecurityObjects</Filter>
    </ClInclude>
    <ClInclude Include="ObjectHandler\IKernelObject.h">
      <Filter>Source Files\ObjectHandler</Filter>
    </ClInclude>
    <ClInclude Include="ObjectHandler\IShareAccess.h">
      <Filter>Source Files\ObjectHandler</Filter>
    </ClInclude>
    <ClInclude Include="ObjectHandler\ObjectAttributeFactory.h">
      <Filter>Source Files\ObjectHandler</Filter>
    </ClInclude>
    <ClInclude Include="ErrorHandling\Exceptions\NamedObjectNotInitalizedException.h">
      <Filter>Header Files</Filter>
    </ClInclude>
    <ClInclude Include="targetver.h">
      <Filter>Header Files</Filter>
    </ClInclude>
    <ClInclude Include="ObjectHandler\IAccessRights.h">
      <Filter>Header Files</Filter>
    </ClInclude>
    <ClInclude Include="ObjectHandler\ConcreteObjects\file.h">
      <Filter>Source Files\ObjectHandler\ConcreteObjetcs\File</Filter>
    </ClInclude>
    <ClInclude Include="ObjectHandler\ConcreteObjects\FileDirectory.h">
      <Filter>Source Files\ObjectHandler\ConcreteObjetcs\File</Filter>
    </ClInclude>
    <ClInclude Include="ObjectHandler\ConcreteObjects\FileOpenOptions.h">
      <Filter>Source Files\ObjectHandler\ConcreteObjetcs\File</Filter>
    </ClInclude>
    <ClInclude Include="ErrorHandling\NT_Wrapper.h">
      <Filter>Header Files</Filter>
    </ClInclude>
    <ClInclude Include="ErrorHandling\Exceptions\IException.h">
      <Filter>Header Files</Filter>
    </ClInclude>
    <ClInclude Include="pch.h">
      <Filter>Header Files</Filter>
    </ClInclude>
  </ItemGroup>
  <ItemGroup>
    <ClCompile Include="ObjectHandler\ObjectAttributeFactory.cpp">
      <Filter>Source Files\ObjectHandler</Filter>
    </ClCompile>
    <ClCompile Include="ObjectHandler\INamedObject.cpp">
      <Filter>Source Files</Filter>
    </ClCompile>
    <ClCompile Include="ObjectHandler\ConcreteObjects\file.cpp">
      <Filter>Source Files\ObjectHandler\ConcreteObjetcs\File</Filter>
    </ClCompile>
    <ClCompile Include="ObjectHandler\ConcreteObjects\FileDirectory.cpp">
      <Filter>Source Files\ObjectHandler\ConcreteObjetcs\File</Filter>
    </ClCompile>
    <ClCompile Include="ObjectHandler\ConcreteObjects\FileOpenOptions.cpp">
      <Filter>Source Files\ObjectHandler\ConcreteObjetcs\File</Filter>
    </ClCompile>
    <ClCompile Include="pch.cpp">
      <Filter>Source Files</Filter>
    </ClCompile>
  </ItemGroup>
</Project>