
Microsoft Visual Studio Solution File, Format Version 12.00
# Visual Studio Version 16
VisualStudioVersion = 16.0.29009.5
MinimumVisualStudioVersion = 10.0.40219.1
Project("{8BC9CEB8-8B4A-11D0-8D11-00A0C91BC942}") = "KernelObjectsOO", "KernelObjectsOO\KernelObjectsOO.vcxproj", "{3CFCCA9F-DD79-420D-8612-73DCB5F3543A}"
	ProjectSection(ProjectDependencies) = postProject
		{E4BC5E0D-FA8E-4145-B34D-67246C07F7FF} = {E4BC5E0D-FA8E-4145-B34D-67246C07F7FF}
	EndProjectSection
EndProject
Project("{8BC9CEB8-8B4A-11D0-8D11-00A0C91BC942}") = "Tests", "Tests\Tests.vcxproj", "{2677DB72-F5F2-4035-BC05-26847466A20C}"
EndProject
Project("{8BC9CEB8-8B4A-11D0-8D11-00A0C91BC942}") = "TesterDriver", "TesterDriver\TesterDriver.vcxproj", "{CF4BAC30-E985-45E8-8723-620E74942C71}"
EndProject
Project("{8BC9CEB8-8B4A-11D0-8D11-00A0C91BC942}") = "Tools", "Tools\Tools.vcxproj", "{E4BC5E0D-FA8E-4145-B34D-67246C07F7FF}"
EndProject
Project("{2150E333-8FDC-42A3-9474-1A3956D46DE8}") = "Solution Items", "Solution Items", "{1E9657C8-B43F-48CB-9C19-470F0284D206}"
	ProjectSection(SolutionItems) = preProject
		.editorconfig = .editorconfig
	EndProjectSection
EndProject
Global
	GlobalSection(SolutionConfigurationPlatforms) = preSolution
		Debug|x64 = Debug|x64
		Debug|x86 = Debug|x86
		Release|x64 = Release|x64
		Release|x86 = Release|x86
	EndGlobalSection
	GlobalSection(ProjectConfigurationPlatforms) = postSolution
		{3CFCCA9F-DD79-420D-8612-73DCB5F3543A}.Debug|x64.ActiveCfg = Debug|x64
		{3CFCCA9F-DD79-420D-8612-73DCB5F3543A}.Debug|x64.Build.0 = Debug|x64
		{3CFCCA9F-DD79-420D-8612-73DCB5F3543A}.Debug|x86.ActiveCfg = Debug|Win32
		{3CFCCA9F-DD79-420D-8612-73DCB5F3543A}.Debug|x86.Build.0 = Debug|Win32
		{3CFCCA9F-DD79-420D-8612-73DCB5F3543A}.Release|x64.ActiveCfg = Release|x64
		{3CFCCA9F-DD79-420D-8612-73DCB5F3543A}.Release|x64.Build.0 = Release|x64
		{3CFCCA9F-DD79-420D-8612-73DCB5F3543A}.Release|x86.ActiveCfg = Release|Win32
		{3CFCCA9F-DD79-420D-8612-73DCB5F3543A}.Release|x86.Build.0 = Release|Win32
		{2677DB72-F5F2-4035-BC05-26847466A20C}.Debug|x64.ActiveCfg = Debug|x64
		{2677DB72-F5F2-4035-BC05-26847466A20C}.Debug|x64.Build.0 = Debug|x64
		{2677DB72-F5F2-4035-BC05-26847466A20C}.Debug|x86.ActiveCfg = Debug|Win32
		{2677DB72-F5F2-4035-BC05-26847466A20C}.Debug|x86.Build.0 = Debug|Win32
		{2677DB72-F5F2-4035-BC05-26847466A20C}.Release|x64.ActiveCfg = Release|x64
		{2677DB72-F5F2-4035-BC05-26847466A20C}.Release|x64.Build.0 = Release|x64
		{2677DB72-F5F2-4035-BC05-26847466A20C}.Release|x86.ActiveCfg = Release|Win32
		{2677DB72-F5F2-4035-BC05-26847466A20C}.Release|x86.Build.0 = Release|Win32
		{CF4BAC30-E985-45E8-8723-620E74942C71}.Debug|x64.ActiveCfg = Debug|x64
		{CF4BAC30-E985-45E8-8723-620E74942C71}.Debug|x64.Build.0 = Debug|x64
		{CF4BAC30-E985-45E8-8723-620E74942C71}.Debug|x86.ActiveCfg = Debug|Win32
		{CF4BAC30-E985-45E8-8723-620E74942C71}.Debug|x86.Build.0 = Debug|Win32
		{CF4BAC30-E985-45E8-8723-620E74942C71}.Release|x64.ActiveCfg = Release|x64
		{CF4BAC30-E985-45E8-8723-620E74942C71}.Release|x64.Build.0 = Release|x64
		{CF4BAC30-E985-45E8-8723-620E74942C71}.Release|x86.ActiveCfg = Release|Win32
		{CF4BAC30-E985-45E8-8723-620E74942C71}.Release|x86.Build.0 = Release|Win32
		{E4BC5E0D-FA8E-4145-B34D-67246C07F7FF}.Debug|x64.ActiveCfg = Debug|x64
		{E4BC5E0D-FA8E-4145-B34D-67246C07F7FF}.Debug|x64.Build.0 = Debug|x64
		{E4BC5E0D-FA8E-4145-B34D-67246C07F7FF}.Debug|x86.ActiveCfg = Debug|Win32
		{E4BC5E0D-FA8E-4145-B34D-67246C07F7FF}.Debug|x86.Build.0 = Debug|Win32
		{E4BC5E0D-FA8E-4145-B34D-67246C07F7FF}.Release|x64.ActiveCfg = Release|x64
		{E4BC5E0D-FA8E-4145-B34D-67246C07F7FF}.Release|x64.Build.0 = Release|x64
		{E4BC5E0D-FA8E-4145-B34D-67246C07F7FF}.Release|x86.ActiveCfg = Release|Win32
		{E4BC5E0D-FA8E-4145-B34D-67246C07F7FF}.Release|x86.Build.0 = Release|Win32
	EndGlobalSection
	GlobalSection(SolutionProperties) = preSolution
		HideSolutionNode = FALSE
	EndGlobalSection
	GlobalSection(ExtensibilityGlobals) = postSolution
		SolutionGuid = {C067A4D0-BD19-4A7C-A182-A50F67BDA32F}
	EndGlobalSection
EndGlobal
